// !$*UTF8*$!
{
	archiveVersion = 1;
	classes = {
	};
	objectVersion = 46;
	objects = {

/* Begin PBXBuildFile section */
		E16F808D189CB9C900F92E6F /* AppIcon.png in Resources */ = {isa = PBXBuildFile; fileRef = E16F808B189CB9C900F92E6F /* AppIcon.png */; };
		E16F808E189CB9C900F92E6F /* AppIcon@2x.png in Resources */ = {isa = PBXBuildFile; fileRef = E16F808C189CB9C900F92E6F /* AppIcon@2x.png */; };
		E185CAB71897643400BD98D0 /* BibleViewController.m in Sources */ = {isa = PBXBuildFile; fileRef = E185CAB61897643400BD98D0 /* BibleViewController.m */; };
		E188660B18997E1D00BFB948 /* BibleContextsTable.m in Sources */ = {isa = PBXBuildFile; fileRef = E188660A18997E1D00BFB948 /* BibleContextsTable.m */; };
		E18B2A71189A48A100072215 /* hanbit_logo.png in Resources */ = {isa = PBXBuildFile; fileRef = E18B2A70189A48A100072215 /* hanbit_logo.png */; };
		E18B2A73189A49BE00072215 /* skyyel2.jpg in Resources */ = {isa = PBXBuildFile; fileRef = E18B2A72189A49BE00072215 /* skyyel2.jpg */; };
		E18B2A75189A4EE100072215 /* hanbit_bible.png in Resources */ = {isa = PBXBuildFile; fileRef = E18B2A74189A4EE100072215 /* hanbit_bible.png */; };
		E18B2A77189A501500072215 /* main.jpg in Resources */ = {isa = PBXBuildFile; fileRef = E18B2A76189A501500072215 /* main.jpg */; };
		E18D2EA318962F550035ED8E /* Foundation.framework in Frameworks */ = {isa = PBXBuildFile; fileRef = E18D2EA218962F550035ED8E /* Foundation.framework */; };
		E18D2EA518962F550035ED8E /* CoreGraphics.framework in Frameworks */ = {isa = PBXBuildFile; fileRef = E18D2EA418962F550035ED8E /* CoreGraphics.framework */; };
		E18D2EA718962F550035ED8E /* UIKit.framework in Frameworks */ = {isa = PBXBuildFile; fileRef = E18D2EA618962F550035ED8E /* UIKit.framework */; };
		E18D2EAD18962F550035ED8E /* InfoPlist.strings in Resources */ = {isa = PBXBuildFile; fileRef = E18D2EAB18962F550035ED8E /* InfoPlist.strings */; };
		E18D2EAF18962F550035ED8E /* main.m in Sources */ = {isa = PBXBuildFile; fileRef = E18D2EAE18962F550035ED8E /* main.m */; };
		E18D2EB318962F550035ED8E /* AppDelegate.m in Sources */ = {isa = PBXBuildFile; fileRef = E18D2EB218962F550035ED8E /* AppDelegate.m */; };
		E18D2EB518962F550035ED8E /* Images.xcassets in Resources */ = {isa = PBXBuildFile; fileRef = E18D2EB418962F550035ED8E /* Images.xcassets */; };
		E18D2EBC18962F550035ED8E /* XCTest.framework in Frameworks */ = {isa = PBXBuildFile; fileRef = E18D2EBB18962F550035ED8E /* XCTest.framework */; };
		E18D2EBD18962F550035ED8E /* Foundation.framework in Frameworks */ = {isa = PBXBuildFile; fileRef = E18D2EA218962F550035ED8E /* Foundation.framework */; };
		E18D2EBE18962F550035ED8E /* UIKit.framework in Frameworks */ = {isa = PBXBuildFile; fileRef = E18D2EA618962F550035ED8E /* UIKit.framework */; };
		E18D2EC618962F550035ED8E /* InfoPlist.strings in Resources */ = {isa = PBXBuildFile; fileRef = E18D2EC418962F550035ED8E /* InfoPlist.strings */; };
		E18D2EC818962F550035ED8E /* HanbitBibleMemoryTests.m in Sources */ = {isa = PBXBuildFile; fileRef = E18D2EC718962F550035ED8E /* HanbitBibleMemoryTests.m */; };
		E18D2ED2189630BF0035ED8E /* Main.storyboard in Resources */ = {isa = PBXBuildFile; fileRef = E18D2ED1189630BF0035ED8E /* Main.storyboard */; };
		E18D2ED6189637940035ED8E /* SWRevealViewController.m in Sources */ = {isa = PBXBuildFile; fileRef = E18D2ED5189637940035ED8E /* SWRevealViewController.m */; };
		E18D2ED9189639F20035ED8E /* SlideMenuViewController.m in Sources */ = {isa = PBXBuildFile; fileRef = E18D2ED8189639F20035ED8E /* SlideMenuViewController.m */; };
		E18D2EDC18963B6E0035ED8E /* MainViewController.m in Sources */ = {isa = PBXBuildFile; fileRef = E18D2EDB18963B6E0035ED8E /* MainViewController.m */; };
		E18D2EE01896402D0035ED8E /* menu.png in Resources */ = {isa = PBXBuildFile; fileRef = E18D2EDE1896402D0035ED8E /* menu.png */; };
		E18D2EE11896402D0035ED8E /* menu@2x.png in Resources */ = {isa = PBXBuildFile; fileRef = E18D2EDF1896402D0035ED8E /* menu@2x.png */; };
		E191594E189D7E84001CEFF4 /* arrow-left.png in Resources */ = {isa = PBXBuildFile; fileRef = E191594C189D7E84001CEFF4 /* arrow-left.png */; };
		E191594F189D7E84001CEFF4 /* arrow-right.png in Resources */ = {isa = PBXBuildFile; fileRef = E191594D189D7E84001CEFF4 /* arrow-right.png */; };
		E19BD68218AB7A3A00FCEDEE /* bible-icon.png in Resources */ = {isa = PBXBuildFile; fileRef = E19BD68118AB7A3A00FCEDEE /* bible-icon.png */; };
		E19BD68418AB7A9400FCEDEE /* table-icon.png in Resources */ = {isa = PBXBuildFile; fileRef = E19BD68318AB7A9400FCEDEE /* table-icon.png */; };
		E19BD68618AB7ACC00FCEDEE /* test-paper-icon.png in Resources */ = {isa = PBXBuildFile; fileRef = E19BD68518AB7ACC00FCEDEE /* test-paper-icon.png */; };
		E1C32DD1189803CF0054A9AC /* BibleListViewController.m in Sources */ = {isa = PBXBuildFile; fileRef = E1C32DD0189803CF0054A9AC /* BibleListViewController.m */; };
		E1DBCFD1189F5C5E006CEA0A /* BibleTestViewController.m in Sources */ = {isa = PBXBuildFile; fileRef = E1DBCFD0189F5C5E006CEA0A /* BibleTestViewController.m */; };
		E1ECE429189D60E10002E620 /* whiteButton.png in Resources */ = {isa = PBXBuildFile; fileRef = E1ECE428189D60E10002E620 /* whiteButton.png */; };
		E1ED736F189E445A00012B00 /* button_next.png in Resources */ = {isa = PBXBuildFile; fileRef = E1ED736C189E445A00012B00 /* button_next.png */; };
		E1ED7370189E445A00012B00 /* button_previous.png in Resources */ = {isa = PBXBuildFile; fileRef = E1ED736D189E445A00012B00 /* button_previous.png */; };
		E1ED7371189E445A00012B00 /* button_refresh.png in Resources */ = {isa = PBXBuildFile; fileRef = E1ED736E189E445A00012B00 /* button_refresh.png */; };
		E1ED7373189E463000012B00 /* rectangle_blue.png in Resources */ = {isa = PBXBuildFile; fileRef = E1ED7372189E463000012B00 /* rectangle_blue.png */; };
		E1ED7375189E471500012B00 /* rectangle_icon.png in Resources */ = {isa = PBXBuildFile; fileRef = E1ED7374189E471500012B00 /* rectangle_icon.png */; };
/* End PBXBuildFile section */

/* Begin PBXContainerItemProxy section */
		E18D2EBF18962F550035ED8E /* PBXContainerItemProxy */ = {
			isa = PBXContainerItemProxy;
			containerPortal = E18D2E9718962F550035ED8E /* Project object */;
			proxyType = 1;
			remoteGlobalIDString = E18D2E9E18962F550035ED8E;
			remoteInfo = HanbitBibleMemory;
		};
/* End PBXContainerItemProxy section */

/* Begin PBXFileReference section */
		E16F808B189CB9C900F92E6F /* AppIcon.png */ = {isa = PBXFileReference; lastKnownFileType = image.png; path = AppIcon.png; sourceTree = "<group>"; };
		E16F808C189CB9C900F92E6F /* AppIcon@2x.png */ = {isa = PBXFileReference; lastKnownFileType = image.png; path = "AppIcon@2x.png"; sourceTree = "<group>"; };
		E185CAB51897643400BD98D0 /* BibleViewController.h */ = {isa = PBXFileReference; fileEncoding = 4; lastKnownFileType = sourcecode.c.h; path = BibleViewController.h; sourceTree = "<group>"; };
		E185CAB61897643400BD98D0 /* BibleViewController.m */ = {isa = PBXFileReference; fileEncoding = 4; lastKnownFileType = sourcecode.c.objc; path = BibleViewController.m; sourceTree = "<group>"; };
		E188660918997E1D00BFB948 /* BibleContextsTable.h */ = {isa = PBXFileReference; fileEncoding = 4; lastKnownFileType = sourcecode.c.h; path = BibleContextsTable.h; sourceTree = "<group>"; };
		E188660A18997E1D00BFB948 /* BibleContextsTable.m */ = {isa = PBXFileReference; fileEncoding = 4; lastKnownFileType = sourcecode.c.objc; path = BibleContextsTable.m; sourceTree = "<group>"; };
		E18B2A70189A48A100072215 /* hanbit_logo.png */ = {isa = PBXFileReference; lastKnownFileType = image.png; path = hanbit_logo.png; sourceTree = "<group>"; };
		E18B2A72189A49BE00072215 /* skyyel2.jpg */ = {isa = PBXFileReference; lastKnownFileType = image.jpeg; path = skyyel2.jpg; sourceTree = "<group>"; };
		E18B2A74189A4EE100072215 /* hanbit_bible.png */ = {isa = PBXFileReference; lastKnownFileType = image.png; path = hanbit_bible.png; sourceTree = "<group>"; };
		E18B2A76189A501500072215 /* main.jpg */ = {isa = PBXFileReference; lastKnownFileType = image.jpeg; path = main.jpg; sourceTree = "<group>"; };
		E18D2E9F18962F550035ED8E /* Hanbit Bible.app */ = {isa = PBXFileReference; explicitFileType = wrapper.application; includeInIndex = 0; path = "Hanbit Bible.app"; sourceTree = BUILT_PRODUCTS_DIR; };
		E18D2EA218962F550035ED8E /* Foundation.framework */ = {isa = PBXFileReference; lastKnownFileType = wrapper.framework; name = Foundation.framework; path = System/Library/Frameworks/Foundation.framework; sourceTree = SDKROOT; };
		E18D2EA418962F550035ED8E /* CoreGraphics.framework */ = {isa = PBXFileReference; lastKnownFileType = wrapper.framework; name = CoreGraphics.framework; path = System/Library/Frameworks/CoreGraphics.framework; sourceTree = SDKROOT; };
		E18D2EA618962F550035ED8E /* UIKit.framework */ = {isa = PBXFileReference; lastKnownFileType = wrapper.framework; name = UIKit.framework; path = System/Library/Frameworks/UIKit.framework; sourceTree = SDKROOT; };
		E18D2EAA18962F550035ED8E /* HanbitBibleMemory-Info.plist */ = {isa = PBXFileReference; lastKnownFileType = text.plist.xml; path = "HanbitBibleMemory-Info.plist"; sourceTree = "<group>"; };
		E18D2EAC18962F550035ED8E /* en */ = {isa = PBXFileReference; lastKnownFileType = text.plist.strings; name = en; path = en.lproj/InfoPlist.strings; sourceTree = "<group>"; };
		E18D2EAE18962F550035ED8E /* main.m */ = {isa = PBXFileReference; lastKnownFileType = sourcecode.c.objc; path = main.m; sourceTree = "<group>"; };
		E18D2EB018962F550035ED8E /* HanbitBibleMemory-Prefix.pch */ = {isa = PBXFileReference; lastKnownFileType = sourcecode.c.h; path = "HanbitBibleMemory-Prefix.pch"; sourceTree = "<group>"; };
		E18D2EB118962F550035ED8E /* AppDelegate.h */ = {isa = PBXFileReference; lastKnownFileType = sourcecode.c.h; path = AppDelegate.h; sourceTree = "<group>"; };
		E18D2EB218962F550035ED8E /* AppDelegate.m */ = {isa = PBXFileReference; lastKnownFileType = sourcecode.c.objc; path = AppDelegate.m; sourceTree = "<group>"; };
		E18D2EB418962F550035ED8E /* Images.xcassets */ = {isa = PBXFileReference; lastKnownFileType = folder.assetcatalog; path = Images.xcassets; sourceTree = "<group>"; };
		E18D2EBA18962F550035ED8E /* HanbitBibleMemoryTests.xctest */ = {isa = PBXFileReference; explicitFileType = wrapper.cfbundle; includeInIndex = 0; path = HanbitBibleMemoryTests.xctest; sourceTree = BUILT_PRODUCTS_DIR; };
		E18D2EBB18962F550035ED8E /* XCTest.framework */ = {isa = PBXFileReference; lastKnownFileType = wrapper.framework; name = XCTest.framework; path = Library/Frameworks/XCTest.framework; sourceTree = DEVELOPER_DIR; };
		E18D2EC318962F550035ED8E /* HanbitBibleMemoryTests-Info.plist */ = {isa = PBXFileReference; lastKnownFileType = text.plist.xml; path = "HanbitBibleMemoryTests-Info.plist"; sourceTree = "<group>"; };
		E18D2EC518962F550035ED8E /* en */ = {isa = PBXFileReference; lastKnownFileType = text.plist.strings; name = en; path = en.lproj/InfoPlist.strings; sourceTree = "<group>"; };
		E18D2EC718962F550035ED8E /* HanbitBibleMemoryTests.m */ = {isa = PBXFileReference; lastKnownFileType = sourcecode.c.objc; path = HanbitBibleMemoryTests.m; sourceTree = "<group>"; };
		E18D2ED1189630BF0035ED8E /* Main.storyboard */ = {isa = PBXFileReference; fileEncoding = 4; lastKnownFileType = file.storyboard; path = Main.storyboard; sourceTree = "<group>"; };
		E18D2ED4189637940035ED8E /* SWRevealViewController.h */ = {isa = PBXFileReference; fileEncoding = 4; lastKnownFileType = sourcecode.c.h; name = SWRevealViewController.h; path = SWRevealViewController/SWRevealViewController.h; sourceTree = SOURCE_ROOT; };
		E18D2ED5189637940035ED8E /* SWRevealViewController.m */ = {isa = PBXFileReference; fileEncoding = 4; lastKnownFileType = sourcecode.c.objc; name = SWRevealViewController.m; path = SWRevealViewController/SWRevealViewController.m; sourceTree = SOURCE_ROOT; };
		E18D2ED7189639F20035ED8E /* SlideMenuViewController.h */ = {isa = PBXFileReference; fileEncoding = 4; lastKnownFileType = sourcecode.c.h; path = SlideMenuViewController.h; sourceTree = "<group>"; };
		E18D2ED8189639F20035ED8E /* SlideMenuViewController.m */ = {isa = PBXFileReference; fileEncoding = 4; lastKnownFileType = sourcecode.c.objc; path = SlideMenuViewController.m; sourceTree = "<group>"; };
		E18D2EDA18963B6E0035ED8E /* MainViewController.h */ = {isa = PBXFileReference; fileEncoding = 4; lastKnownFileType = sourcecode.c.h; path = MainViewController.h; sourceTree = "<group>"; };
		E18D2EDB18963B6E0035ED8E /* MainViewController.m */ = {isa = PBXFileReference; fileEncoding = 4; lastKnownFileType = sourcecode.c.objc; path = MainViewController.m; sourceTree = "<group>"; };
		E18D2EDE1896402D0035ED8E /* menu.png */ = {isa = PBXFileReference; lastKnownFileType = image.png; path = menu.png; sourceTree = "<group>"; };
		E18D2EDF1896402D0035ED8E /* menu@2x.png */ = {isa = PBXFileReference; lastKnownFileType = image.png; path = "menu@2x.png"; sourceTree = "<group>"; };
		E191594C189D7E84001CEFF4 /* arrow-left.png */ = {isa = PBXFileReference; lastKnownFileType = image.png; path = "arrow-left.png"; sourceTree = "<group>"; };
		E191594D189D7E84001CEFF4 /* arrow-right.png */ = {isa = PBXFileReference; lastKnownFileType = image.png; path = "arrow-right.png"; sourceTree = "<group>"; };
		E19BD68118AB7A3A00FCEDEE /* bible-icon.png */ = {isa = PBXFileReference; lastKnownFileType = image.png; path = "bible-icon.png"; sourceTree = "<group>"; };
		E19BD68318AB7A9400FCEDEE /* table-icon.png */ = {isa = PBXFileReference; lastKnownFileType = image.png; path = "table-icon.png"; sourceTree = "<group>"; };
		E19BD68518AB7ACC00FCEDEE /* test-paper-icon.png */ = {isa = PBXFileReference; lastKnownFileType = image.png; path = "test-paper-icon.png"; sourceTree = "<group>"; };
		E1C32DCF189803CF0054A9AC /* BibleListViewController.h */ = {isa = PBXFileReference; fileEncoding = 4; lastKnownFileType = sourcecode.c.h; path = BibleListViewController.h; sourceTree = "<group>"; };
		E1C32DD0189803CF0054A9AC /* BibleListViewController.m */ = {isa = PBXFileReference; fileEncoding = 4; lastKnownFileType = sourcecode.c.objc; path = BibleListViewController.m; sourceTree = "<group>"; };
		E1DBCFCF189F5C5E006CEA0A /* BibleTestViewController.h */ = {isa = PBXFileReference; fileEncoding = 4; lastKnownFileType = sourcecode.c.h; path = BibleTestViewController.h; sourceTree = "<group>"; };
		E1DBCFD0189F5C5E006CEA0A /* BibleTestViewController.m */ = {isa = PBXFileReference; fileEncoding = 4; lastKnownFileType = sourcecode.c.objc; path = BibleTestViewController.m; sourceTree = "<group>"; };
		E1ECE428189D60E10002E620 /* whiteButton.png */ = {isa = PBXFileReference; lastKnownFileType = image.png; path = whiteButton.png; sourceTree = "<group>"; };
		E1ED736C189E445A00012B00 /* button_next.png */ = {isa = PBXFileReference; lastKnownFileType = image.png; path = button_next.png; sourceTree = "<group>"; };
		E1ED736D189E445A00012B00 /* button_previous.png */ = {isa = PBXFileReference; lastKnownFileType = image.png; path = button_previous.png; sourceTree = "<group>"; };
		E1ED736E189E445A00012B00 /* button_refresh.png */ = {isa = PBXFileReference; lastKnownFileType = image.png; path = button_refresh.png; sourceTree = "<group>"; };
		E1ED7372189E463000012B00 /* rectangle_blue.png */ = {isa = PBXFileReference; lastKnownFileType = image.png; path = rectangle_blue.png; sourceTree = "<group>"; };
		E1ED7374189E471500012B00 /* rectangle_icon.png */ = {isa = PBXFileReference; lastKnownFileType = image.png; path = rectangle_icon.png; sourceTree = "<group>"; };
/* End PBXFileReference section */

/* Begin PBXFrameworksBuildPhase section */
		E18D2E9C18962F550035ED8E /* Frameworks */ = {
			isa = PBXFrameworksBuildPhase;
			buildActionMask = 2147483647;
			files = (
				E18D2EA518962F550035ED8E /* CoreGraphics.framework in Frameworks */,
				E18D2EA718962F550035ED8E /* UIKit.framework in Frameworks */,
				E18D2EA318962F550035ED8E /* Foundation.framework in Frameworks */,
			);
			runOnlyForDeploymentPostprocessing = 0;
		};
		E18D2EB718962F550035ED8E /* Frameworks */ = {
			isa = PBXFrameworksBuildPhase;
			buildActionMask = 2147483647;
			files = (
				E18D2EBC18962F550035ED8E /* XCTest.framework in Frameworks */,
				E18D2EBE18962F550035ED8E /* UIKit.framework in Frameworks */,
				E18D2EBD18962F550035ED8E /* Foundation.framework in Frameworks */,
			);
			runOnlyForDeploymentPostprocessing = 0;
		};
/* End PBXFrameworksBuildPhase section */

/* Begin PBXGroup section */
		E18D2E9618962F550035ED8E = {
			isa = PBXGroup;
			children = (
				E18D2EA818962F550035ED8E /* HanbitBibleMemory */,
				E18D2EC118962F550035ED8E /* HanbitBibleMemoryTests */,
				E18D2EA118962F550035ED8E /* Frameworks */,
				E18D2EA018962F550035ED8E /* Products */,
			);
			sourceTree = "<group>";
		};
		E18D2EA018962F550035ED8E /* Products */ = {
			isa = PBXGroup;
			children = (
				E18D2E9F18962F550035ED8E /* Hanbit Bible.app */,
				E18D2EBA18962F550035ED8E /* HanbitBibleMemoryTests.xctest */,
			);
			name = Products;
			sourceTree = "<group>";
		};
		E18D2EA118962F550035ED8E /* Frameworks */ = {
			isa = PBXGroup;
			children = (
				E18D2EA218962F550035ED8E /* Foundation.framework */,
				E18D2EA418962F550035ED8E /* CoreGraphics.framework */,
				E18D2EA618962F550035ED8E /* UIKit.framework */,
				E18D2EBB18962F550035ED8E /* XCTest.framework */,
			);
			name = Frameworks;
			sourceTree = "<group>";
		};
		E18D2EA818962F550035ED8E /* HanbitBibleMemory */ = {
			isa = PBXGroup;
			children = (
				E18D2EB118962F550035ED8E /* AppDelegate.h */,
				E18D2EB218962F550035ED8E /* AppDelegate.m */,
				E18D2EB418962F550035ED8E /* Images.xcassets */,
				E18D2ED1189630BF0035ED8E /* Main.storyboard */,
				E188660918997E1D00BFB948 /* BibleContextsTable.h */,
				E188660A18997E1D00BFB948 /* BibleContextsTable.m */,
				E1C32DCF189803CF0054A9AC /* BibleListViewController.h */,
				E1C32DD0189803CF0054A9AC /* BibleListViewController.m */,
				E1DBCFCF189F5C5E006CEA0A /* BibleTestViewController.h */,
				E1DBCFD0189F5C5E006CEA0A /* BibleTestViewController.m */,
				E185CAB51897643400BD98D0 /* BibleViewController.h */,
				E185CAB61897643400BD98D0 /* BibleViewController.m */,
				E18D2EDA18963B6E0035ED8E /* MainViewController.h */,
				E18D2EDB18963B6E0035ED8E /* MainViewController.m */,
				E18D2ED7189639F20035ED8E /* SlideMenuViewController.h */,
				E18D2ED8189639F20035ED8E /* SlideMenuViewController.m */,
				E18D2ED3189631A80035ED8E /* Library */,
				E18D2EA918962F550035ED8E /* Supporting Files */,
			);
			path = HanbitBibleMemory;
			sourceTree = "<group>";
		};
		E18D2EA918962F550035ED8E /* Supporting Files */ = {
			isa = PBXGroup;
			children = (
				E18D2EDD189640040035ED8E /* Images */,
				E18D2EAA18962F550035ED8E /* HanbitBibleMemory-Info.plist */,
				E18D2EAB18962F550035ED8E /* InfoPlist.strings */,
				E18D2EAE18962F550035ED8E /* main.m */,
				E18D2EB018962F550035ED8E /* HanbitBibleMemory-Prefix.pch */,
			);
			name = "Supporting Files";
			sourceTree = "<group>";
		};
		E18D2EC118962F550035ED8E /* HanbitBibleMemoryTests */ = {
			isa = PBXGroup;
			children = (
				E18D2EC718962F550035ED8E /* HanbitBibleMemoryTests.m */,
				E18D2EC218962F550035ED8E /* Supporting Files */,
			);
			path = HanbitBibleMemoryTests;
			sourceTree = "<group>";
		};
		E18D2EC218962F550035ED8E /* Supporting Files */ = {
			isa = PBXGroup;
			children = (
				E18D2EC318962F550035ED8E /* HanbitBibleMemoryTests-Info.plist */,
				E18D2EC418962F550035ED8E /* InfoPlist.strings */,
			);
			name = "Supporting Files";
			sourceTree = "<group>";
		};
		E18D2ED3189631A80035ED8E /* Library */ = {
			isa = PBXGroup;
			children = (
				E18D2ED4189637940035ED8E /* SWRevealViewController.h */,
				E18D2ED5189637940035ED8E /* SWRevealViewController.m */,
			);
			name = Library;
			sourceTree = "<group>";
		};
		E18D2EDD189640040035ED8E /* Images */ = {
			isa = PBXGroup;
			children = (
				E16F808B189CB9C900F92E6F /* AppIcon.png */,
				E16F808C189CB9C900F92E6F /* AppIcon@2x.png */,
				E191594C189D7E84001CEFF4 /* arrow-left.png */,
				E191594D189D7E84001CEFF4 /* arrow-right.png */,
				E19BD68118AB7A3A00FCEDEE /* bible-icon.png */,
				E1ED736C189E445A00012B00 /* button_next.png */,
				E1ED736D189E445A00012B00 /* button_previous.png */,
				E1ED736E189E445A00012B00 /* button_refresh.png */,
				E18B2A76189A501500072215 /* main.jpg */,
				E18B2A74189A4EE100072215 /* hanbit_bible.png */,
				E1ED7372189E463000012B00 /* rectangle_blue.png */,
				E1ED7374189E471500012B00 /* rectangle_icon.png */,
				E18B2A72189A49BE00072215 /* skyyel2.jpg */,
				E18B2A70189A48A100072215 /* hanbit_logo.png */,
				E18D2EDE1896402D0035ED8E /* menu.png */,
				E18D2EDF1896402D0035ED8E /* menu@2x.png */,
				E19BD68318AB7A9400FCEDEE /* table-icon.png */,
				E19BD68518AB7ACC00FCEDEE /* test-paper-icon.png */,
				E1ECE428189D60E10002E620 /* whiteButton.png */,
			);
			name = Images;
			sourceTree = "<group>";
		};
/* End PBXGroup section */

/* Begin PBXNativeTarget section */
		E18D2E9E18962F550035ED8E /* Hanbit Bible */ = {
			isa = PBXNativeTarget;
			buildConfigurationList = E18D2ECB18962F550035ED8E /* Build configuration list for PBXNativeTarget "Hanbit Bible" */;
			buildPhases = (
				E18D2E9B18962F550035ED8E /* Sources */,
				E18D2E9C18962F550035ED8E /* Frameworks */,
				E18D2E9D18962F550035ED8E /* Resources */,
			);
			buildRules = (
			);
			dependencies = (
			);
			name = "Hanbit Bible";
			productName = HanbitBibleMemory;
			productReference = E18D2E9F18962F550035ED8E /* Hanbit Bible.app */;
			productType = "com.apple.product-type.application";
		};
		E18D2EB918962F550035ED8E /* HanbitBibleMemoryTests */ = {
			isa = PBXNativeTarget;
			buildConfigurationList = E18D2ECE18962F550035ED8E /* Build configuration list for PBXNativeTarget "HanbitBibleMemoryTests" */;
			buildPhases = (
				E18D2EB618962F550035ED8E /* Sources */,
				E18D2EB718962F550035ED8E /* Frameworks */,
				E18D2EB818962F550035ED8E /* Resources */,
			);
			buildRules = (
			);
			dependencies = (
				E18D2EC018962F550035ED8E /* PBXTargetDependency */,
			);
			name = HanbitBibleMemoryTests;
			productName = HanbitBibleMemoryTests;
			productReference = E18D2EBA18962F550035ED8E /* HanbitBibleMemoryTests.xctest */;
			productType = "com.apple.product-type.bundle.unit-test";
		};
/* End PBXNativeTarget section */

/* Begin PBXProject section */
		E18D2E9718962F550035ED8E /* Project object */ = {
			isa = PBXProject;
			attributes = {
				LastUpgradeCheck = 0500;
				ORGANIZATIONNAME = "Hanbit Church";
				TargetAttributes = {
					E18D2E9E18962F550035ED8E = {
						DevelopmentTeam = RZ898GV328;
					};
					E18D2EB918962F550035ED8E = {
						TestTargetID = E18D2E9E18962F550035ED8E;
					};
				};
			};
			buildConfigurationList = E18D2E9A18962F550035ED8E /* Build configuration list for PBXProject "HanbitBibleMemory" */;
			compatibilityVersion = "Xcode 3.2";
			developmentRegion = English;
			hasScannedForEncodings = 0;
			knownRegions = (
				en,
			);
			mainGroup = E18D2E9618962F550035ED8E;
			productRefGroup = E18D2EA018962F550035ED8E /* Products */;
			projectDirPath = "";
			projectRoot = "";
			targets = (
				E18D2E9E18962F550035ED8E /* Hanbit Bible */,
				E18D2EB918962F550035ED8E /* HanbitBibleMemoryTests */,
			);
		};
/* End PBXProject section */

/* Begin PBXResourcesBuildPhase section */
		E18D2E9D18962F550035ED8E /* Resources */ = {
			isa = PBXResourcesBuildPhase;
			buildActionMask = 2147483647;
			files = (
				E1ED7375189E471500012B00 /* rectangle_icon.png in Resources */,
				E16F808D189CB9C900F92E6F /* AppIcon.png in Resources */,
				E18D2EE01896402D0035ED8E /* menu.png in Resources */,
				E16F808E189CB9C900F92E6F /* AppIcon@2x.png in Resources */,
				E18D2ED2189630BF0035ED8E /* Main.storyboard in Resources */,
				E1ED736F189E445A00012B00 /* button_next.png in Resources */,
				E191594F189D7E84001CEFF4 /* arrow-right.png in Resources */,
				E18D2EE11896402D0035ED8E /* menu@2x.png in Resources */,
				E18D2EAD18962F550035ED8E /* InfoPlist.strings in Resources */,
				E19BD68618AB7ACC00FCEDEE /* test-paper-icon.png in Resources */,
				E19BD68418AB7A9400FCEDEE /* table-icon.png in Resources */,
				E19BD68218AB7A3A00FCEDEE /* bible-icon.png in Resources */,
				E1ED7371189E445A00012B00 /* button_refresh.png in Resources */,
				E18B2A77189A501500072215 /* main.jpg in Resources */,
				E18B2A71189A48A100072215 /* hanbit_logo.png in Resources */,
				E1ED7373189E463000012B00 /* rectangle_blue.png in Resources */,
				E18B2A73189A49BE00072215 /* skyyel2.jpg in Resources */,
				E18B2A75189A4EE100072215 /* hanbit_bible.png in Resources */,
				E18D2EB518962F550035ED8E /* Images.xcassets in Resources */,
				E191594E189D7E84001CEFF4 /* arrow-left.png in Resources */,
				E1ED7370189E445A00012B00 /* button_previous.png in Resources */,
				E1ECE429189D60E10002E620 /* whiteButton.png in Resources */,
			);
			runOnlyForDeploymentPostprocessing = 0;
		};
		E18D2EB818962F550035ED8E /* Resources */ = {
			isa = PBXResourcesBuildPhase;
			buildActionMask = 2147483647;
			files = (
				E18D2EC618962F550035ED8E /* InfoPlist.strings in Resources */,
			);
			runOnlyForDeploymentPostprocessing = 0;
		};
/* End PBXResourcesBuildPhase section */

/* Begin PBXSourcesBuildPhase section */
		E18D2E9B18962F550035ED8E /* Sources */ = {
			isa = PBXSourcesBuildPhase;
			buildActionMask = 2147483647;
			files = (
				E18D2EB318962F550035ED8E /* AppDelegate.m in Sources */,
				E18D2ED9189639F20035ED8E /* SlideMenuViewController.m in Sources */,
				E1DBCFD1189F5C5E006CEA0A /* BibleTestViewController.m in Sources */,
				E18D2EAF18962F550035ED8E /* main.m in Sources */,
				E185CAB71897643400BD98D0 /* BibleViewController.m in Sources */,
				E18D2EDC18963B6E0035ED8E /* MainViewController.m in Sources */,
				E188660B18997E1D00BFB948 /* BibleContextsTable.m in Sources */,
				E18D2ED6189637940035ED8E /* SWRevealViewController.m in Sources */,
				E1C32DD1189803CF0054A9AC /* BibleListViewController.m in Sources */,
			);
			runOnlyForDeploymentPostprocessing = 0;
		};
		E18D2EB618962F550035ED8E /* Sources */ = {
			isa = PBXSourcesBuildPhase;
			buildActionMask = 2147483647;
			files = (
				E18D2EC818962F550035ED8E /* HanbitBibleMemoryTests.m in Sources */,
			);
			runOnlyForDeploymentPostprocessing = 0;
		};
/* End PBXSourcesBuildPhase section */

/* Begin PBXTargetDependency section */
		E18D2EC018962F550035ED8E /* PBXTargetDependency */ = {
			isa = PBXTargetDependency;
			target = E18D2E9E18962F550035ED8E /* Hanbit Bible */;
			targetProxy = E18D2EBF18962F550035ED8E /* PBXContainerItemProxy */;
		};
/* End PBXTargetDependency section */

/* Begin PBXVariantGroup section */
		E18D2EAB18962F550035ED8E /* InfoPlist.strings */ = {
			isa = PBXVariantGroup;
			children = (
				E18D2EAC18962F550035ED8E /* en */,
			);
			name = InfoPlist.strings;
			sourceTree = "<group>";
		};
		E18D2EC418962F550035ED8E /* InfoPlist.strings */ = {
			isa = PBXVariantGroup;
			children = (
				E18D2EC518962F550035ED8E /* en */,
			);
			name = InfoPlist.strings;
			sourceTree = "<group>";
		};
/* End PBXVariantGroup section */

/* Begin XCBuildConfiguration section */
		E18D2EC918962F550035ED8E /* Debug */ = {
			isa = XCBuildConfiguration;
			buildSettings = {
				ALWAYS_SEARCH_USER_PATHS = NO;
				ARCHS = "$(ARCHS_STANDARD_INCLUDING_64_BIT)";
				CLANG_CXX_LANGUAGE_STANDARD = "gnu++0x";
				CLANG_CXX_LIBRARY = "libc++";
				CLANG_ENABLE_MODULES = YES;
				CLANG_ENABLE_OBJC_ARC = YES;
				CLANG_WARN_BOOL_CONVERSION = YES;
				CLANG_WARN_CONSTANT_CONVERSION = YES;
				CLANG_WARN_DIRECT_OBJC_ISA_USAGE = YES_ERROR;
				CLANG_WARN_EMPTY_BODY = YES;
				CLANG_WARN_ENUM_CONVERSION = YES;
				CLANG_WARN_INT_CONVERSION = YES;
				CLANG_WARN_OBJC_ROOT_CLASS = YES_ERROR;
				CLANG_WARN__DUPLICATE_METHOD_MATCH = YES;
				"CODE_SIGN_IDENTITY[sdk=iphoneos*]" = "iPhone Developer";
				COPY_PHASE_STRIP = NO;
				GCC_C_LANGUAGE_STANDARD = gnu99;
				GCC_DYNAMIC_NO_PIC = NO;
				GCC_OPTIMIZATION_LEVEL = 0;
				GCC_PREPROCESSOR_DEFINITIONS = (
					"DEBUG=1",
					"$(inherited)",
				);
				GCC_SYMBOLS_PRIVATE_EXTERN = NO;
				GCC_WARN_64_TO_32_BIT_CONVERSION = YES;
				GCC_WARN_ABOUT_RETURN_TYPE = YES_ERROR;
				GCC_WARN_UNDECLARED_SELECTOR = YES;
				GCC_WARN_UNINITIALIZED_AUTOS = YES;
				GCC_WARN_UNUSED_FUNCTION = YES;
				GCC_WARN_UNUSED_VARIABLE = YES;
				IPHONEOS_DEPLOYMENT_TARGET = 7.0;
				ONLY_ACTIVE_ARCH = YES;
				SDKROOT = iphoneos;
			};
			name = Debug;
		};
		E18D2ECA18962F550035ED8E /* Release */ = {
			isa = XCBuildConfiguration;
			buildSettings = {
				ALWAYS_SEARCH_USER_PATHS = NO;
				ARCHS = "$(ARCHS_STANDARD_INCLUDING_64_BIT)";
				CLANG_CXX_LANGUAGE_STANDARD = "gnu++0x";
				CLANG_CXX_LIBRARY = "libc++";
				CLANG_ENABLE_MODULES = YES;
				CLANG_ENABLE_OBJC_ARC = YES;
				CLANG_WARN_BOOL_CONVERSION = YES;
				CLANG_WARN_CONSTANT_CONVERSION = YES;
				CLANG_WARN_DIRECT_OBJC_ISA_USAGE = YES_ERROR;
				CLANG_WARN_EMPTY_BODY = YES;
				CLANG_WARN_ENUM_CONVERSION = YES;
				CLANG_WARN_INT_CONVERSION = YES;
				CLANG_WARN_OBJC_ROOT_CLASS = YES_ERROR;
				CLANG_WARN__DUPLICATE_METHOD_MATCH = YES;
				"CODE_SIGN_IDENTITY[sdk=iphoneos*]" = "iPhone Developer";
				COPY_PHASE_STRIP = YES;
				ENABLE_NS_ASSERTIONS = NO;
				GCC_C_LANGUAGE_STANDARD = gnu99;
				GCC_WARN_64_TO_32_BIT_CONVERSION = YES;
				GCC_WARN_ABOUT_RETURN_TYPE = YES_ERROR;
				GCC_WARN_UNDECLARED_SELECTOR = YES;
				GCC_WARN_UNINITIALIZED_AUTOS = YES;
				GCC_WARN_UNUSED_FUNCTION = YES;
				GCC_WARN_UNUSED_VARIABLE = YES;
				IPHONEOS_DEPLOYMENT_TARGET = 7.0;
				SDKROOT = iphoneos;
				VALIDATE_PRODUCT = YES;
			};
			name = Release;
		};
		E18D2ECC18962F550035ED8E /* Debug */ = {
			isa = XCBuildConfiguration;
			buildSettings = {
				ASSETCATALOG_COMPILER_APPICON_NAME = AppIcon;
				ASSETCATALOG_COMPILER_LAUNCHIMAGE_NAME = LaunchImage;
				CODE_SIGN_IDENTITY = "iPhone Developer";
				GCC_PRECOMPILE_PREFIX_HEADER = YES;
				GCC_PREFIX_HEADER = "HanbitBibleMemory/HanbitBibleMemory-Prefix.pch";
				INFOPLIST_FILE = "HanbitBibleMemory/HanbitBibleMemory-Info.plist";
				PRODUCT_NAME = "$(TARGET_NAME)";
				WRAPPER_EXTENSION = app;
			};
			name = Debug;
		};
		E18D2ECD18962F550035ED8E /* Release */ = {
			isa = XCBuildConfiguration;
			buildSettings = {
				ASSETCATALOG_COMPILER_APPICON_NAME = AppIcon;
				ASSETCATALOG_COMPILER_LAUNCHIMAGE_NAME = LaunchImage;
				CODE_SIGN_IDENTITY = "iPhone Developer";
				GCC_PRECOMPILE_PREFIX_HEADER = YES;
				GCC_PREFIX_HEADER = "HanbitBibleMemory/HanbitBibleMemory-Prefix.pch";
				INFOPLIST_FILE = "HanbitBibleMemory/HanbitBibleMemory-Info.plist";
				PRODUCT_NAME = "$(TARGET_NAME)";
				WRAPPER_EXTENSION = app;
			};
			name = Release;
		};
		E18D2ECF18962F550035ED8E /* Debug */ = {
			isa = XCBuildConfiguration;
			buildSettings = {
				ARCHS = "$(ARCHS_STANDARD_INCLUDING_64_BIT)";
				BUNDLE_LOADER = "$(BUILT_PRODUCTS_DIR)/HanbitBibleMemory.app/HanbitBibleMemory";
				FRAMEWORK_SEARCH_PATHS = (
					"$(SDKROOT)/Developer/Library/Frameworks",
					"$(inherited)",
					"$(DEVELOPER_FRAMEWORKS_DIR)",
				);
				GCC_PRECOMPILE_PREFIX_HEADER = YES;
				GCC_PREFIX_HEADER = "HanbitBibleMemory/HanbitBibleMemory-Prefix.pch";
				GCC_PREPROCESSOR_DEFINITIONS = (
					"DEBUG=1",
					"$(inherited)",
				);
				INFOPLIST_FILE = "HanbitBibleMemoryTests/HanbitBibleMemoryTests-Info.plist";
				PRODUCT_NAME = "$(TARGET_NAME)";
				TEST_HOST = "$(BUNDLE_LOADER)";
				WRAPPER_EXTENSION = xctest;
			};
			name = Debug;
		};
		E18D2ED018962F550035ED8E /* Release */ = {
			isa = XCBuildConfiguration;
			buildSettings = {
				ARCHS = "$(ARCHS_STANDARD_INCLUDING_64_BIT)";
				BUNDLE_LOADER = "$(BUILT_PRODUCTS_DIR)/HanbitBibleMemory.app/HanbitBibleMemory";
				FRAMEWORK_SEARCH_PATHS = (
					"$(SDKROOT)/Developer/Library/Frameworks",
					"$(inherited)",
					"$(DEVELOPER_FRAMEWORKS_DIR)",
				);
				GCC_PRECOMPILE_PREFIX_HEADER = YES;
				GCC_PREFIX_HEADER = "HanbitBibleMemory/HanbitBibleMemory-Prefix.pch";
				INFOPLIST_FILE = "HanbitBibleMemoryTests/HanbitBibleMemoryTests-Info.plist";
				PRODUCT_NAME = "$(TARGET_NAME)";
				TEST_HOST = "$(BUNDLE_LOADER)";
				WRAPPER_EXTENSION = xctest;
			};
			name = Release;
		};
/* End XCBuildConfiguration section */

/* Begin XCConfigurationList section */
		E18D2E9A18962F550035ED8E /* Build configuration list for PBXProject "HanbitBibleMemory" */ = {
			isa = XCConfigurationList;
			buildConfigurations = (
				E18D2EC918962F550035ED8E /* Debug */,
				E18D2ECA18962F550035ED8E /* Release */,
			);
			defaultConfigurationIsVisible = 0;
			defaultConfigurationName = Release;
		};
		E18D2ECB18962F550035ED8E /* Build configuration list for PBXNativeTarget "Hanbit Bible" */ = {
			isa = XCConfigurationList;
			buildConfigurations = (
				E18D2ECC18962F550035ED8E /* Debug */,
				E18D2ECD18962F550035ED8E /* Release */,
			);
			defaultConfigurationIsVisible = 0;
			defaultConfigurationName = Release;
		};
		E18D2ECE18962F550035ED8E /* Build configuration list for PBXNativeTarget "HanbitBibleMemoryTests" */ = {
			isa = XCConfigurationList;
			buildConfigurations = (
				E18D2ECF18962F550035ED8E /* Debug */,
				E18D2ED018962F550035ED8E /* Release */,
			);
			defaultConfigurationIsVisible = 0;
			defaultConfigurationName = Release;
		};
/* End XCConfigurationList section */
	};
	rootObject = E18D2E9718962F550035ED8E /* Project object */;
}
